
Microsoft Visual Studio Solution File, Format Version 12.00
# Visual Studio Version 17
VisualStudioVersion = 17.14.36203.30
MinimumVisualStudioVersion = 10.0.40219.1
Project("{FAE04EC0-301F-11D3-BF4B-00C04F79EFBC}") = "EcoSystem.Functions", "EcoSystem.Functions\EcoSystem.Functions.csproj", "{DA0785E8-AA92-4D63-8204-493F67C26F89}"
EndProject
Global
	GlobalSection(SolutionConfigurationPlatforms) = preSolution
		Debug|Any CPU = Debug|Any CPU
		Release|Any CPU = Release|Any CPU
	EndGlobalSection
	GlobalSection(ProjectConfigurationPlatforms) = postSolution
		{DA0785E8-AA92-4D63-8204-493F67C26F89}.Debug|Any CPU.ActiveCfg = Debug|Any CPU
		{DA0785E8-AA92-4D63-8204-493F67C26F89}.Debug|Any CPU.Build.0 = Debug|Any CPU
		{DA0785E8-AA92-4D63-8204-493F67C26F89}.Release|Any CPU.ActiveCfg = Release|Any CPU
		{DA0785E8-AA92-4D63-8204-493F67C26F89}.Release|Any CPU.Build.0 = Release|Any CPU
	EndGlobalSection
	GlobalSection(SolutionProperties) = preSolution
		HideSolutionNode = FALSE
	EndGlobalSection
	GlobalSection(ExtensibilityGlobals) = postSolution
		SolutionGuid = {1AD6BD1E-40C6-4E85-B796-E41E6E20DD1B}
	EndGlobalSection
EndGlobal
